
Microsoft Visual Studio Solution File, Format Version 12.00
# Visual Studio Version 17
VisualStudioVersion = 17.3.32901.215
MinimumVisualStudioVersion = 10.0.40219.1
Project("{FAE04EC0-301F-11D3-BF4B-00C04F79EFBC}") = "Heroes.API", "Heroes.API\Heroes.API.csproj", "{43BEE134-98AD-436F-A562-29BE5EFC3FA6}"
EndProject
Global
	GlobalSection(SolutionConfigurationPlatforms) = preSolution
		Debug|Any CPU = Debug|Any CPU
		Release|Any CPU = Release|Any CPU
	EndGlobalSection
	GlobalSection(ProjectConfigurationPlatforms) = postSolution
		{43BEE134-98AD-436F-A562-29BE5EFC3FA6}.Debug|Any CPU.ActiveCfg = Debug|Any CPU
		{43BEE134-98AD-436F-A562-29BE5EFC3FA6}.Debug|Any CPU.Build.0 = Debug|Any CPU
		{43BEE134-98AD-436F-A562-29BE5EFC3FA6}.Release|Any CPU.ActiveCfg = Release|Any CPU
		{43BEE134-98AD-436F-A562-29BE5EFC3FA6}.Release|Any CPU.Build.0 = Release|Any CPU
	EndGlobalSection
	GlobalSection(SolutionProperties) = preSolution
		HideSolutionNode = FALSE
	EndGlobalSection
	GlobalSection(ExtensibilityGlobals) = postSolution
		SolutionGuid = {E00FF634-4287-42C3-9752-491CB6C7EBC5}
	EndGlobalSection
EndGlobal
